
Microsoft Visual Studio Solution File, Format Version 12.00
# Visual Studio 2012
Project("{FAE04EC0-301F-11D3-BF4B-00C04F79EFBC}") = "DarkEclipse", "DarkEclipse\DarkEclipse.csproj", "{42E272AF-8EB8-403C-A16E-926573A4CCBA}"
EndProject
Project("{FAE04EC0-301F-11D3-BF4B-00C04F79EFBC}") = "DarkEclipse.UITests", "DarkEclipse.UITests\DarkEclipse.UITests.csproj", "{F2B663BB-8684-4F66-9BE4-4E7D8D117FD0}"
EndProject
Global
	GlobalSection(SolutionConfigurationPlatforms) = preSolution
		Debug|Any CPU = Debug|Any CPU
		Release|Any CPU = Release|Any CPU
	EndGlobalSection
	GlobalSection(ProjectConfigurationPlatforms) = postSolution
		{42E272AF-8EB8-403C-A16E-926573A4CCBA}.Debug|Any CPU.ActiveCfg = Debug|Any CPU
		{42E272AF-8EB8-403C-A16E-926573A4CCBA}.Debug|Any CPU.Build.0 = Debug|Any CPU
		{42E272AF-8EB8-403C-A16E-926573A4CCBA}.Release|Any CPU.ActiveCfg = Release|Any CPU
		{42E272AF-8EB8-403C-A16E-926573A4CCBA}.Release|Any CPU.Build.0 = Release|Any CPU
		{F2B663BB-8684-4F66-9BE4-4E7D8D117FD0}.Debug|Any CPU.ActiveCfg = Debug|Any CPU
		{F2B663BB-8684-4F66-9BE4-4E7D8D117FD0}.Debug|Any CPU.Build.0 = Debug|Any CPU
		{F2B663BB-8684-4F66-9BE4-4E7D8D117FD0}.Release|Any CPU.ActiveCfg = Release|Any CPU
		{F2B663BB-8684-4F66-9BE4-4E7D8D117FD0}.Release|Any CPU.Build.0 = Release|Any CPU
	EndGlobalSection
EndGlobal
